
Microsoft Visual Studio Solution File, Format Version 12.00
# Visual Studio 15
VisualStudioVersion = 15.0.27004.2002
MinimumVisualStudioVersion = 10.0.40219.1
Project("{FAE04EC0-301F-11D3-BF4B-00C04F79EFBC}") = "FizzBuzzMvc", "FizzBuzzMvc\FizzBuzzMvc.csproj", "{3C996896-5A2E-4B9B-BA8C-C2F550CF3439}"
EndProject
Global
	GlobalSection(SolutionConfigurationPlatforms) = preSolution
		Debug|Any CPU = Debug|Any CPU
		Release|Any CPU = Release|Any CPU
	EndGlobalSection
	GlobalSection(ProjectConfigurationPlatforms) = postSolution
		{3C996896-5A2E-4B9B-BA8C-C2F550CF3439}.Debug|Any CPU.ActiveCfg = Debug|Any CPU
		{3C996896-5A2E-4B9B-BA8C-C2F550CF3439}.Debug|Any CPU.Build.0 = Debug|Any CPU
		{3C996896-5A2E-4B9B-BA8C-C2F550CF3439}.Release|Any CPU.ActiveCfg = Release|Any CPU
		{3C996896-5A2E-4B9B-BA8C-C2F550CF3439}.Release|Any CPU.Build.0 = Release|Any CPU
	EndGlobalSection
	GlobalSection(SolutionProperties) = preSolution
		HideSolutionNode = FALSE
	EndGlobalSection
	GlobalSection(ExtensibilityGlobals) = postSolution
		SolutionGuid = {5D8F33EE-8E2F-4482-999F-8C21060687D6}
	EndGlobalSection
EndGlobal
